// !$*UTF8*$!
{
	archiveVersion = 1;
	classes = {
	};
	objectVersion = 56;
	objects = {

/* Begin PBXBuildFile section */
		8C0D81F129D0508100FEDD1D /* AppDelegate.swift in Sources */ = {isa = PBXBuildFile; fileRef = 8C0D81F029D0508100FEDD1D /* AppDelegate.swift */; };
		8C0D81F329D0508100FEDD1D /* SceneDelegate.swift in Sources */ = {isa = PBXBuildFile; fileRef = 8C0D81F229D0508100FEDD1D /* SceneDelegate.swift */; };
		8C0D81F529D0508100FEDD1D /* OnboardingController.swift in Sources */ = {isa = PBXBuildFile; fileRef = 8C0D81F429D0508100FEDD1D /* OnboardingController.swift */; };
		8C0D81FA29D0508600FEDD1D /* Assets.xcassets in Resources */ = {isa = PBXBuildFile; fileRef = 8C0D81F929D0508600FEDD1D /* Assets.xcassets */; };
		8C0D81FD29D0508600FEDD1D /* LaunchScreen.storyboard in Resources */ = {isa = PBXBuildFile; fileRef = 8C0D81FB29D0508600FEDD1D /* LaunchScreen.storyboard */; };
		8C0D820C29D0526700FEDD1D /* OnboardingModel.swift in Sources */ = {isa = PBXBuildFile; fileRef = 8C0D820B29D0526700FEDD1D /* OnboardingModel.swift */; };
		8C0D820E29D0528E00FEDD1D /* OnboardingView.swift in Sources */ = {isa = PBXBuildFile; fileRef = 8C0D820D29D0528E00FEDD1D /* OnboardingView.swift */; };
		8C0D821129D0546F00FEDD1D /* UIImage+Ext.swift in Sources */ = {isa = PBXBuildFile; fileRef = 8C0D821029D0546F00FEDD1D /* UIImage+Ext.swift */; };
		8C0D821629D0557500FEDD1D /* 67011-code-time.gif in Resources */ = {isa = PBXBuildFile; fileRef = 8C0D821329D0557500FEDD1D /* 67011-code-time.gif */; };
		8C0D821729D0557500FEDD1D /* 70404-interview-animation.gif in Resources */ = {isa = PBXBuildFile; fileRef = 8C0D821429D0557500FEDD1D /* 70404-interview-animation.gif */; };
		8C0D821829D0557500FEDD1D /* 19008-questions-chat.gif in Resources */ = {isa = PBXBuildFile; fileRef = 8C0D821529D0557500FEDD1D /* 19008-questions-chat.gif */; };
		8C0D821A29D055B600FEDD1D /* Onboarding.swift in Sources */ = {isa = PBXBuildFile; fileRef = 8C0D821929D055B600FEDD1D /* Onboarding.swift */; };
/* End PBXBuildFile section */

/* Begin PBXFileReference section */
		8C0D81ED29D0508100FEDD1D /* MVCPattern.app */ = {isa = PBXFileReference; explicitFileType = wrapper.application; includeInIndex = 0; path = MVCPattern.app; sourceTree = BUILT_PRODUCTS_DIR; };
		8C0D81F029D0508100FEDD1D /* AppDelegate.swift */ = {isa = PBXFileReference; lastKnownFileType = sourcecode.swift; path = AppDelegate.swift; sourceTree = "<group>"; };
		8C0D81F229D0508100FEDD1D /* SceneDelegate.swift */ = {isa = PBXFileReference; lastKnownFileType = sourcecode.swift; path = SceneDelegate.swift; sourceTree = "<group>"; };
		8C0D81F429D0508100FEDD1D /* OnboardingController.swift */ = {isa = PBXFileReference; lastKnownFileType = sourcecode.swift; path = OnboardingController.swift; sourceTree = "<group>"; };
		8C0D81F929D0508600FEDD1D /* Assets.xcassets */ = {isa = PBXFileReference; lastKnownFileType = folder.assetcatalog; path = Assets.xcassets; sourceTree = "<group>"; };
		8C0D81FC29D0508600FEDD1D /* Base */ = {isa = PBXFileReference; lastKnownFileType = file.storyboard; name = Base; path = Base.lproj/LaunchScreen.storyboard; sourceTree = "<group>"; };
		8C0D81FE29D0508600FEDD1D /* Info.plist */ = {isa = PBXFileReference; lastKnownFileType = text.plist.xml; path = Info.plist; sourceTree = "<group>"; };
		8C0D820B29D0526700FEDD1D /* OnboardingModel.swift */ = {isa = PBXFileReference; lastKnownFileType = sourcecode.swift; path = OnboardingModel.swift; sourceTree = "<group>"; };
		8C0D820D29D0528E00FEDD1D /* OnboardingView.swift */ = {isa = PBXFileReference; lastKnownFileType = sourcecode.swift; path = OnboardingView.swift; sourceTree = "<group>"; };
		8C0D821029D0546F00FEDD1D /* UIImage+Ext.swift */ = {isa = PBXFileReference; lastKnownFileType = sourcecode.swift; path = "UIImage+Ext.swift"; sourceTree = "<group>"; };
		8C0D821329D0557500FEDD1D /* 67011-code-time.gif */ = {isa = PBXFileReference; lastKnownFileType = image.gif; name = "67011-code-time.gif"; path = "../../../../../../Downloads/67011-code-time.gif"; sourceTree = "<group>"; };
		8C0D821429D0557500FEDD1D /* 70404-interview-animation.gif */ = {isa = PBXFileReference; lastKnownFileType = image.gif; name = "70404-interview-animation.gif"; path = "../../../../../../Downloads/70404-interview-animation.gif"; sourceTree = "<group>"; };
		8C0D821529D0557500FEDD1D /* 19008-questions-chat.gif */ = {isa = PBXFileReference; lastKnownFileType = image.gif; name = "19008-questions-chat.gif"; path = "../../../../../../Downloads/19008-questions-chat.gif"; sourceTree = "<group>"; };
		8C0D821929D055B600FEDD1D /* Onboarding.swift */ = {isa = PBXFileReference; lastKnownFileType = sourcecode.swift; path = Onboarding.swift; sourceTree = "<group>"; };
/* End PBXFileReference section */

/* Begin PBXFrameworksBuildPhase section */
		8C0D81EA29D0508100FEDD1D /* Frameworks */ = {
			isa = PBXFrameworksBuildPhase;
			buildActionMask = 2147483647;
			files = (
			);
			runOnlyForDeploymentPostprocessing = 0;
		};
/* End PBXFrameworksBuildPhase section */

/* Begin PBXGroup section */
		8C0D81E429D0508100FEDD1D = {
			isa = PBXGroup;
			children = (
				8C0D81EF29D0508100FEDD1D /* MVCPattern */,
				8C0D81EE29D0508100FEDD1D /* Products */,
			);
			sourceTree = "<group>";
		};
		8C0D81EE29D0508100FEDD1D /* Products */ = {
			isa = PBXGroup;
			children = (
				8C0D81ED29D0508100FEDD1D /* MVCPattern.app */,
			);
			name = Products;
			sourceTree = "<group>";
		};
		8C0D81EF29D0508100FEDD1D /* MVCPattern */ = {
			isa = PBXGroup;
			children = (
				8C0D820529D050E700FEDD1D /* Resources */,
				8C0D820429D050D800FEDD1D /* Sources */,
			);
			path = MVCPattern;
			sourceTree = "<group>";
		};
		8C0D820429D050D800FEDD1D /* Sources */ = {
			isa = PBXGroup;
			children = (
				8C0D820F29D0545E00FEDD1D /* Extensions */,
				8C0D820629D050FD00FEDD1D /* App */,
				8C0D820729D051E300FEDD1D /* Scenes */,
			);
			path = Sources;
			sourceTree = "<group>";
		};
		8C0D820529D050E700FEDD1D /* Resources */ = {
			isa = PBXGroup;
			children = (
				8C0D821229D054B200FEDD1D /* Gifs */,
				8C0D81FB29D0508600FEDD1D /* LaunchScreen.storyboard */,
				8C0D81F929D0508600FEDD1D /* Assets.xcassets */,
				8C0D81FE29D0508600FEDD1D /* Info.plist */,
			);
			path = Resources;
			sourceTree = "<group>";
		};
		8C0D820629D050FD00FEDD1D /* App */ = {
			isa = PBXGroup;
			children = (
				8C0D81F029D0508100FEDD1D /* AppDelegate.swift */,
				8C0D81F229D0508100FEDD1D /* SceneDelegate.swift */,
			);
			path = App;
			sourceTree = "<group>";
		};
		8C0D820729D051E300FEDD1D /* Scenes */ = {
			isa = PBXGroup;
			children = (
				8C0D820A29D0522E00FEDD1D /* Controller */,
				8C0D820929D0522600FEDD1D /* View */,
				8C0D820829D0521D00FEDD1D /* Model */,
			);
			path = Scenes;
			sourceTree = "<group>";
		};
		8C0D820829D0521D00FEDD1D /* Model */ = {
			isa = PBXGroup;
			children = (
				8C0D820B29D0526700FEDD1D /* OnboardingModel.swift */,
				8C0D821929D055B600FEDD1D /* Onboarding.swift */,
			);
			path = Model;
			sourceTree = "<group>";
		};
		8C0D820929D0522600FEDD1D /* View */ = {
			isa = PBXGroup;
			children = (
				8C0D820D29D0528E00FEDD1D /* OnboardingView.swift */,
			);
			path = View;
			sourceTree = "<group>";
		};
		8C0D820A29D0522E00FEDD1D /* Controller */ = {
			isa = PBXGroup;
			children = (
				8C0D81F429D0508100FEDD1D /* OnboardingController.swift */,
			);
			path = Controller;
			sourceTree = "<group>";
		};
		8C0D820F29D0545E00FEDD1D /* Extensions */ = {
			isa = PBXGroup;
			children = (
				8C0D821029D0546F00FEDD1D /* UIImage+Ext.swift */,
			);
			path = Extensions;
			sourceTree = "<group>";
		};
		8C0D821229D054B200FEDD1D /* Gifs */ = {
			isa = PBXGroup;
			children = (
				8C0D821529D0557500FEDD1D /* 19008-questions-chat.gif */,
				8C0D821329D0557500FEDD1D /* 67011-code-time.gif */,
				8C0D821429D0557500FEDD1D /* 70404-interview-animation.gif */,
			);
			path = Gifs;
			sourceTree = "<group>";
		};
/* End PBXGroup section */

/* Begin PBXNativeTarget section */
		8C0D81EC29D0508100FEDD1D /* MVCPattern */ = {
			isa = PBXNativeTarget;
			buildConfigurationList = 8C0D820129D0508600FEDD1D /* Build configuration list for PBXNativeTarget "MVCPattern" */;
			buildPhases = (
				8C0D81E929D0508100FEDD1D /* Sources */,
				8C0D81EA29D0508100FEDD1D /* Frameworks */,
				8C0D81EB29D0508100FEDD1D /* Resources */,
			);
			buildRules = (
			);
			dependencies = (
			);
			name = MVCPattern;
			productName = MVCPattern;
			productReference = 8C0D81ED29D0508100FEDD1D /* MVCPattern.app */;
			productType = "com.apple.product-type.application";
		};
/* End PBXNativeTarget section */

/* Begin PBXProject section */
		8C0D81E529D0508100FEDD1D /* Project object */ = {
			isa = PBXProject;
			attributes = {
				BuildIndependentTargetsInParallel = 1;
				LastSwiftUpdateCheck = 1410;
				LastUpgradeCheck = 1410;
				TargetAttributes = {
					8C0D81EC29D0508100FEDD1D = {
						CreatedOnToolsVersion = 14.1;
					};
				};
			};
			buildConfigurationList = 8C0D81E829D0508100FEDD1D /* Build configuration list for PBXProject "MVCPattern" */;
			compatibilityVersion = "Xcode 14.0";
			developmentRegion = en;
			hasScannedForEncodings = 0;
			knownRegions = (
				en,
				Base,
			);
			mainGroup = 8C0D81E429D0508100FEDD1D;
			productRefGroup = 8C0D81EE29D0508100FEDD1D /* Products */;
			projectDirPath = "";
			projectRoot = "";
			targets = (
				8C0D81EC29D0508100FEDD1D /* MVCPattern */,
			);
		};
/* End PBXProject section */

/* Begin PBXResourcesBuildPhase section */
		8C0D81EB29D0508100FEDD1D /* Resources */ = {
			isa = PBXResourcesBuildPhase;
			buildActionMask = 2147483647;
			files = (
				8C0D81FD29D0508600FEDD1D /* LaunchScreen.storyboard in Resources */,
				8C0D81FA29D0508600FEDD1D /* Assets.xcassets in Resources */,
				8C0D821629D0557500FEDD1D /* 67011-code-time.gif in Resources */,
				8C0D821829D0557500FEDD1D /* 19008-questions-chat.gif in Resources */,
				8C0D821729D0557500FEDD1D /* 70404-interview-animation.gif in Resources */,
			);
			runOnlyForDeploymentPostprocessing = 0;
		};
/* End PBXResourcesBuildPhase section */

/* Begin PBXSourcesBuildPhase section */
		8C0D81E929D0508100FEDD1D /* Sources */ = {
			isa = PBXSourcesBuildPhase;
			buildActionMask = 2147483647;
			files = (
				8C0D820C29D0526700FEDD1D /* OnboardingModel.swift in Sources */,
				8C0D81F529D0508100FEDD1D /* OnboardingController.swift in Sources */,
				8C0D81F129D0508100FEDD1D /* AppDelegate.swift in Sources */,
				8C0D821A29D055B600FEDD1D /* Onboarding.swift in Sources */,
				8C0D821129D0546F00FEDD1D /* UIImage+Ext.swift in Sources */,
				8C0D820E29D0528E00FEDD1D /* OnboardingView.swift in Sources */,
				8C0D81F329D0508100FEDD1D /* SceneDelegate.swift in Sources */,
			);
			runOnlyForDeploymentPostprocessing = 0;
		};
/* End PBXSourcesBuildPhase section */

/* Begin PBXVariantGroup section */
		8C0D81FB29D0508600FEDD1D /* LaunchScreen.storyboard */ = {
			isa = PBXVariantGroup;
			children = (
				8C0D81FC29D0508600FEDD1D /* Base */,
			);
			name = LaunchScreen.storyboard;
			sourceTree = "<group>";
		};
/* End PBXVariantGroup section */

/* Begin XCBuildConfiguration section */
		8C0D81FF29D0508600FEDD1D /* Debug */ = {
			isa = XCBuildConfiguration;
			buildSettings = {
				ALWAYS_SEARCH_USER_PATHS = NO;
				CLANG_ANALYZER_NONNULL = YES;
				CLANG_ANALYZER_NUMBER_OBJECT_CONVERSION = YES_AGGRESSIVE;
				CLANG_CXX_LANGUAGE_STANDARD = "gnu++20";
				CLANG_ENABLE_MODULES = YES;
				CLANG_ENABLE_OBJC_ARC = YES;
				CLANG_ENABLE_OBJC_WEAK = YES;
				CLANG_WARN_BLOCK_CAPTURE_AUTORELEASING = YES;
				CLANG_WARN_BOOL_CONVERSION = YES;
				CLANG_WARN_COMMA = YES;
				CLANG_WARN_CONSTANT_CONVERSION = YES;
				CLANG_WARN_DEPRECATED_OBJC_IMPLEMENTATIONS = YES;
				CLANG_WARN_DIRECT_OBJC_ISA_USAGE = YES_ERROR;
				CLANG_WARN_DOCUMENTATION_COMMENTS = YES;
				CLANG_WARN_EMPTY_BODY = YES;
				CLANG_WARN_ENUM_CONVERSION = YES;
				CLANG_WARN_INFINITE_RECURSION = YES;
				CLANG_WARN_INT_CONVERSION = YES;
				CLANG_WARN_NON_LITERAL_NULL_CONVERSION = YES;
				CLANG_WARN_OBJC_IMPLICIT_RETAIN_SELF = YES;
				CLANG_WARN_OBJC_LITERAL_CONVERSION = YES;
				CLANG_WARN_OBJC_ROOT_CLASS = YES_ERROR;
				CLANG_WARN_QUOTED_INCLUDE_IN_FRAMEWORK_HEADER = YES;
				CLANG_WARN_RANGE_LOOP_ANALYSIS = YES;
				CLANG_WARN_STRICT_PROTOTYPES = YES;
				CLANG_WARN_SUSPICIOUS_MOVE = YES;
				CLANG_WARN_UNGUARDED_AVAILABILITY = YES_AGGRESSIVE;
				CLANG_WARN_UNREACHABLE_CODE = YES;
				CLANG_WARN__DUPLICATE_METHOD_MATCH = YES;
				COPY_PHASE_STRIP = NO;
				DEBUG_INFORMATION_FORMAT = dwarf;
				ENABLE_STRICT_OBJC_MSGSEND = YES;
				ENABLE_TESTABILITY = YES;
				GCC_C_LANGUAGE_STANDARD = gnu11;
				GCC_DYNAMIC_NO_PIC = NO;
				GCC_NO_COMMON_BLOCKS = YES;
				GCC_OPTIMIZATION_LEVEL = 0;
				GCC_PREPROCESSOR_DEFINITIONS = (
					"DEBUG=1",
					"$(inherited)",
				);
				GCC_WARN_64_TO_32_BIT_CONVERSION = YES;
				GCC_WARN_ABOUT_RETURN_TYPE = YES_ERROR;
				GCC_WARN_UNDECLARED_SELECTOR = YES;
				GCC_WARN_UNINITIALIZED_AUTOS = YES_AGGRESSIVE;
				GCC_WARN_UNUSED_FUNCTION = YES;
				GCC_WARN_UNUSED_VARIABLE = YES;
				IPHONEOS_DEPLOYMENT_TARGET = 16.1;
				MTL_ENABLE_DEBUG_INFO = INCLUDE_SOURCE;
				MTL_FAST_MATH = YES;
				ONLY_ACTIVE_ARCH = YES;
				SDKROOT = iphoneos;
				SWIFT_ACTIVE_COMPILATION_CONDITIONS = DEBUG;
				SWIFT_OPTIMIZATION_LEVEL = "-Onone";
			};
			name = Debug;
		};
		8C0D820029D0508600FEDD1D /* Release */ = {
			isa = XCBuildConfiguration;
			buildSettings = {
				ALWAYS_SEARCH_USER_PATHS = NO;
				CLANG_ANALYZER_NONNULL = YES;
				CLANG_ANALYZER_NUMBER_OBJECT_CONVERSION = YES_AGGRESSIVE;
				CLANG_CXX_LANGUAGE_STANDARD = "gnu++20";
				CLANG_ENABLE_MODULES = YES;
				CLANG_ENABLE_OBJC_ARC = YES;
				CLANG_ENABLE_OBJC_WEAK = YES;
				CLANG_WARN_BLOCK_CAPTURE_AUTORELEASING = YES;
				CLANG_WARN_BOOL_CONVERSION = YES;
				CLANG_WARN_COMMA = YES;
				CLANG_WARN_CONSTANT_CONVERSION = YES;
				CLANG_WARN_DEPRECATED_OBJC_IMPLEMENTATIONS = YES;
				CLANG_WARN_DIRECT_OBJC_ISA_USAGE = YES_ERROR;
				CLANG_WARN_DOCUMENTATION_COMMENTS = YES;
				CLANG_WARN_EMPTY_BODY = YES;
				CLANG_WARN_ENUM_CONVERSION = YES;
				CLANG_WARN_INFINITE_RECURSION = YES;
				CLANG_WARN_INT_CONVERSION = YES;
				CLANG_WARN_NON_LITERAL_NULL_CONVERSION = YES;
				CLANG_WARN_OBJC_IMPLICIT_RETAIN_SELF = YES;
				CLANG_WARN_OBJC_LITERAL_CONVERSION = YES;
				CLANG_WARN_OBJC_ROOT_CLASS = YES_ERROR;
				CLANG_WARN_QUOTED_INCLUDE_IN_FRAMEWORK_HEADER = YES;
				CLANG_WARN_RANGE_LOOP_ANALYSIS = YES;
				CLANG_WARN_STRICT_PROTOTYPES = YES;
				CLANG_WARN_SUSPICIOUS_MOVE = YES;
				CLANG_WARN_UNGUARDED_AVAILABILITY = YES_AGGRESSIVE;
				CLANG_WARN_UNREACHABLE_CODE = YES;
				CLANG_WARN__DUPLICATE_METHOD_MATCH = YES;
				COPY_PHASE_STRIP = NO;
				DEBUG_INFORMATION_FORMAT = "dwarf-with-dsym";
				ENABLE_NS_ASSERTIONS = NO;
				ENABLE_STRICT_OBJC_MSGSEND = YES;
				GCC_C_LANGUAGE_STANDARD = gnu11;
				GCC_NO_COMMON_BLOCKS = YES;
				GCC_WARN_64_TO_32_BIT_CONVERSION = YES;
				GCC_WARN_ABOUT_RETURN_TYPE = YES_ERROR;
				GCC_WARN_UNDECLARED_SELECTOR = YES;
				GCC_WARN_UNINITIALIZED_AUTOS = YES_AGGRESSIVE;
				GCC_WARN_UNUSED_FUNCTION = YES;
				GCC_WARN_UNUSED_VARIABLE = YES;
				IPHONEOS_DEPLOYMENT_TARGET = 16.1;
				MTL_ENABLE_DEBUG_INFO = NO;
				MTL_FAST_MATH = YES;
				SDKROOT = iphoneos;
				SWIFT_COMPILATION_MODE = wholemodule;
				SWIFT_OPTIMIZATION_LEVEL = "-O";
				VALIDATE_PRODUCT = YES;
			};
			name = Release;
		};
		8C0D820229D0508600FEDD1D /* Debug */ = {
			isa = XCBuildConfiguration;
			buildSettings = {
				ASSETCATALOG_COMPILER_APPICON_NAME = AppIcon;
				ASSETCATALOG_COMPILER_GLOBAL_ACCENT_COLOR_NAME = AccentColor;
				CODE_SIGN_STYLE = Automatic;
				CURRENT_PROJECT_VERSION = 1;
				GENERATE_INFOPLIST_FILE = YES;
				INFOPLIST_FILE = MVCPattern/Resources/Info.plist;
				INFOPLIST_KEY_UIApplicationSupportsIndirectInputEvents = YES;
				INFOPLIST_KEY_UILaunchStoryboardName = LaunchScreen;
				INFOPLIST_KEY_UIMainStoryboardFile = "";
				INFOPLIST_KEY_UISupportedInterfaceOrientations_iPad = "UIInterfaceOrientationPortrait UIInterfaceOrientationPortraitUpsideDown UIInterfaceOrientationLandscapeLeft UIInterfaceOrientationLandscapeRight";
				INFOPLIST_KEY_UISupportedInterfaceOrientations_iPhone = "UIInterfaceOrientationPortrait UIInterfaceOrientationLandscapeLeft UIInterfaceOrientationLandscapeRight";
				LD_RUNPATH_SEARCH_PATHS = (
					"$(inherited)",
					"@executable_path/Frameworks",
				);
				MARKETING_VERSION = 1.0;
				PRODUCT_BUNDLE_IDENTIFIER = kz.MVCPattern;
				PRODUCT_NAME = "$(TARGET_NAME)";
				SWIFT_EMIT_LOC_STRINGS = YES;
				SWIFT_VERSION = 5.0;
				TARGETED_DEVICE_FAMILY = "1,2";
			};
			name = Debug;
		};
		8C0D820329D0508600FEDD1D /* Release */ = {
			isa = XCBuildConfiguration;
			buildSettings = {
				ASSETCATALOG_COMPILER_APPICON_NAME = AppIcon;
				ASSETCATALOG_COMPILER_GLOBAL_ACCENT_COLOR_NAME = AccentColor;
				CODE_SIGN_STYLE = Automatic;
				CURRENT_PROJECT_VERSION = 1;
				GENERATE_INFOPLIST_FILE = YES;
				INFOPLIST_FILE = MVCPattern/Resources/Info.plist;
				INFOPLIST_KEY_UIApplicationSupportsIndirectInputEvents = YES;
				INFOPLIST_KEY_UILaunchStoryboardName = LaunchScreen;
				INFOPLIST_KEY_UIMainStoryboardFile = "";
				INFOPLIST_KEY_UISupportedInterfaceOrientations_iPad = "UIInterfaceOrientationPortrait UIInterfaceOrientationPortraitUpsideDown UIInterfaceOrientationLandscapeLeft UIInterfaceOrientationLandscapeRight";
				INFOPLIST_KEY_UISupportedInterfaceOrientations_iPhone = "UIInterfaceOrientationPortrait UIInterfaceOrientationLandscapeLeft UIInterfaceOrientationLandscapeRight";
				LD_RUNPATH_SEARCH_PATHS = (
					"$(inherited)",
					"@executable_path/Frameworks",
				);
				MARKETING_VERSION = 1.0;
				PRODUCT_BUNDLE_IDENTIFIER = kz.MVCPattern;
				PRODUCT_NAME = "$(TARGET_NAME)";
				SWIFT_EMIT_LOC_STRINGS = YES;
				SWIFT_VERSION = 5.0;
				TARGETED_DEVICE_FAMILY = "1,2";
			};
			name = Release;
		};
/* End XCBuildConfiguration section */

/* Begin XCConfigurationList section */
		8C0D81E829D0508100FEDD1D /* Build configuration list for PBXProject "MVCPattern" */ = {
			isa = XCConfigurationList;
			buildConfigurations = (
				8C0D81FF29D0508600FEDD1D /* Debug */,
				8C0D820029D0508600FEDD1D /* Release */,
			);
			defaultConfigurationIsVisible = 0;
			defaultConfigurationName = Release;
		};
		8C0D820129D0508600FEDD1D /* Build configuration list for PBXNativeTarget "MVCPattern" */ = {
			isa = XCConfigurationList;
			buildConfigurations = (
				8C0D820229D0508600FEDD1D /* Debug */,
				8C0D820329D0508600FEDD1D /* Release */,
			);
			defaultConfigurationIsVisible = 0;
			defaultConfigurationName = Release;
		};
/* End XCConfigurationList section */
	};
	rootObject = 8C0D81E529D0508100FEDD1D /* Project object */;
}
